// !$*UTF8*$!
{
	archiveVersion = 1;
	classes = {
	};
	objectVersion = 48;
	objects = {

/* Begin PBXBuildFile section */
		B427CBA51F9D289D005FAB0C /* AppDelegate.swift in Sources */ = {isa = PBXBuildFile; fileRef = B427CBA41F9D289D005FAB0C /* AppDelegate.swift */; };
		B427CBA71F9D289D005FAB0C /* ViewController.swift in Sources */ = {isa = PBXBuildFile; fileRef = B427CBA61F9D289D005FAB0C /* ViewController.swift */; };
		B427CBAA1F9D289D005FAB0C /* Main.storyboard in Resources */ = {isa = PBXBuildFile; fileRef = B427CBA81F9D289D005FAB0C /* Main.storyboard */; };
		B427CBAC1F9D289D005FAB0C /* Assets.xcassets in Resources */ = {isa = PBXBuildFile; fileRef = B427CBAB1F9D289D005FAB0C /* Assets.xcassets */; };
		B427CBAF1F9D289D005FAB0C /* LaunchScreen.storyboard in Resources */ = {isa = PBXBuildFile; fileRef = B427CBAD1F9D289D005FAB0C /* LaunchScreen.storyboard */; };
		B427CBD21F9D3E59005FAB0C /* uARWorld2D.swift in Sources */ = {isa = PBXBuildFile; fileRef = B427CBD01F9D3E59005FAB0C /* uARWorld2D.swift */; };
		B427CBD31F9D3E59005FAB0C /* uARView2DController.swift in Sources */ = {isa = PBXBuildFile; fileRef = B427CBD11F9D3E59005FAB0C /* uARView2DController.swift */; };
		B427CBD61F9D3F2C005FAB0C /* uARView2D.swift in Sources */ = {isa = PBXBuildFile; fileRef = B427CBD51F9D3F2C005FAB0C /* uARView2D.swift */; };
		B4371D3B1FAF5F7000CBEFB5 /* myvideo2.mp4 in Resources */ = {isa = PBXBuildFile; fileRef = B4371D3A1FAF5F7000CBEFB5 /* myvideo2.mp4 */; };
		B4B546421FA09D3A0077466E /* uARItem.swift in Sources */ = {isa = PBXBuildFile; fileRef = B4B546411FA09D3A0077466E /* uARItem.swift */; };
/* End PBXBuildFile section */

/* Begin PBXCopyFilesBuildPhase section */
		B427CBBA1F9D28EE005FAB0C /* Embed Frameworks */ = {
			isa = PBXCopyFilesBuildPhase;
			buildActionMask = 2147483647;
			dstPath = "";
			dstSubfolderSpec = 10;
			files = (
			);
			name = "Embed Frameworks";
			runOnlyForDeploymentPostprocessing = 0;
		};
/* End PBXCopyFilesBuildPhase section */

/* Begin PBXFileReference section */
		B427CBA11F9D289D005FAB0C /* framework-test3.app */ = {isa = PBXFileReference; explicitFileType = wrapper.application; includeInIndex = 0; path = "framework-test3.app"; sourceTree = BUILT_PRODUCTS_DIR; };
		B427CBA41F9D289D005FAB0C /* AppDelegate.swift */ = {isa = PBXFileReference; lastKnownFileType = sourcecode.swift; path = AppDelegate.swift; sourceTree = "<group>"; };
		B427CBA61F9D289D005FAB0C /* ViewController.swift */ = {isa = PBXFileReference; lastKnownFileType = sourcecode.swift; path = ViewController.swift; sourceTree = "<group>"; };
		B427CBA91F9D289D005FAB0C /* Base */ = {isa = PBXFileReference; lastKnownFileType = file.storyboard; name = Base; path = Base.lproj/Main.storyboard; sourceTree = "<group>"; };
		B427CBAB1F9D289D005FAB0C /* Assets.xcassets */ = {isa = PBXFileReference; lastKnownFileType = folder.assetcatalog; path = Assets.xcassets; sourceTree = "<group>"; };
		B427CBAE1F9D289D005FAB0C /* Base */ = {isa = PBXFileReference; lastKnownFileType = file.storyboard; name = Base; path = Base.lproj/LaunchScreen.storyboard; sourceTree = "<group>"; };
		B427CBB01F9D289D005FAB0C /* Info.plist */ = {isa = PBXFileReference; lastKnownFileType = text.plist.xml; path = Info.plist; sourceTree = "<group>"; };
		B427CBD01F9D3E59005FAB0C /* uARWorld2D.swift */ = {isa = PBXFileReference; lastKnownFileType = sourcecode.swift; path = uARWorld2D.swift; sourceTree = "<group>"; };
		B427CBD11F9D3E59005FAB0C /* uARView2DController.swift */ = {isa = PBXFileReference; lastKnownFileType = sourcecode.swift; path = uARView2DController.swift; sourceTree = "<group>"; };
		B427CBD51F9D3F2C005FAB0C /* uARView2D.swift */ = {isa = PBXFileReference; lastKnownFileType = sourcecode.swift; path = uARView2D.swift; sourceTree = "<group>"; };
		B4371D3A1FAF5F7000CBEFB5 /* myvideo2.mp4 */ = {isa = PBXFileReference; lastKnownFileType = file; path = myvideo2.mp4; sourceTree = "<group>"; };
		B4B546411FA09D3A0077466E /* uARItem.swift */ = {isa = PBXFileReference; lastKnownFileType = sourcecode.swift; path = uARItem.swift; sourceTree = "<group>"; };
/* End PBXFileReference section */

/* Begin PBXFrameworksBuildPhase section */
		B427CB9E1F9D289D005FAB0C /* Frameworks */ = {
			isa = PBXFrameworksBuildPhase;
			buildActionMask = 2147483647;
			files = (
			);
			runOnlyForDeploymentPostprocessing = 0;
		};
/* End PBXFrameworksBuildPhase section */

/* Begin PBXGroup section */
		B427CB981F9D289D005FAB0C = {
			isa = PBXGroup;
			children = (
				B4371D3A1FAF5F7000CBEFB5 /* myvideo2.mp4 */,
				B427CBD41F9D3E6B005FAB0C /* uARKit */,
				B427CBA31F9D289D005FAB0C /* framework-test3 */,
				B427CBA21F9D289D005FAB0C /* Products */,
			);
			sourceTree = "<group>";
		};
		B427CBA21F9D289D005FAB0C /* Products */ = {
			isa = PBXGroup;
			children = (
				B427CBA11F9D289D005FAB0C /* framework-test3.app */,
			);
			name = Products;
			sourceTree = "<group>";
		};
		B427CBA31F9D289D005FAB0C /* framework-test3 */ = {
			isa = PBXGroup;
			children = (
				B427CBA41F9D289D005FAB0C /* AppDelegate.swift */,
				B427CBA61F9D289D005FAB0C /* ViewController.swift */,
				B427CBA81F9D289D005FAB0C /* Main.storyboard */,
				B427CBAB1F9D289D005FAB0C /* Assets.xcassets */,
				B427CBAD1F9D289D005FAB0C /* LaunchScreen.storyboard */,
				B427CBB01F9D289D005FAB0C /* Info.plist */,
			);
			path = "framework-test3";
			sourceTree = "<group>";
		};
		B427CBD41F9D3E6B005FAB0C /* uARKit */ = {
			isa = PBXGroup;
			children = (
				B427CBD01F9D3E59005FAB0C /* uARWorld2D.swift */,
				B427CBD11F9D3E59005FAB0C /* uARView2DController.swift */,
				B427CBD51F9D3F2C005FAB0C /* uARView2D.swift */,
				B4B546411FA09D3A0077466E /* uARItem.swift */,
			);
			path = uARKit;
			sourceTree = "<group>";
		};
/* End PBXGroup section */

/* Begin PBXNativeTarget section */
		B427CBA01F9D289D005FAB0C /* framework-test3 */ = {
			isa = PBXNativeTarget;
			buildConfigurationList = B427CBB31F9D289D005FAB0C /* Build configuration list for PBXNativeTarget "framework-test3" */;
			buildPhases = (
				B427CB9D1F9D289D005FAB0C /* Sources */,
				B427CB9E1F9D289D005FAB0C /* Frameworks */,
				B427CB9F1F9D289D005FAB0C /* Resources */,
				B427CBBA1F9D28EE005FAB0C /* Embed Frameworks */,
			);
			buildRules = (
			);
			dependencies = (
			);
			name = "framework-test3";
			productName = "framework-test3";
			productReference = B427CBA11F9D289D005FAB0C /* framework-test3.app */;
			productType = "com.apple.product-type.application";
		};
/* End PBXNativeTarget section */

/* Begin PBXProject section */
		B427CB991F9D289D005FAB0C /* Project object */ = {
			isa = PBXProject;
			attributes = {
				LastSwiftUpdateCheck = 0900;
				LastUpgradeCheck = 0900;
				ORGANIZATIONNAME = "Mustafa Atalar";
				TargetAttributes = {
					B427CBA01F9D289D005FAB0C = {
						CreatedOnToolsVersion = 9.0;
						ProvisioningStyle = Automatic;
					};
				};
			};
			buildConfigurationList = B427CB9C1F9D289D005FAB0C /* Build configuration list for PBXProject "framework-test3" */;
			compatibilityVersion = "Xcode 8.0";
			developmentRegion = en;
			hasScannedForEncodings = 0;
			knownRegions = (
				en,
				Base,
			);
			mainGroup = B427CB981F9D289D005FAB0C;
			productRefGroup = B427CBA21F9D289D005FAB0C /* Products */;
			projectDirPath = "";
			projectRoot = "";
			targets = (
				B427CBA01F9D289D005FAB0C /* framework-test3 */,
			);
		};
/* End PBXProject section */

/* Begin PBXResourcesBuildPhase section */
		B427CB9F1F9D289D005FAB0C /* Resources */ = {
			isa = PBXResourcesBuildPhase;
			buildActionMask = 2147483647;
			files = (
				B427CBAF1F9D289D005FAB0C /* LaunchScreen.storyboard in Resources */,
				B427CBAC1F9D289D005FAB0C /* Assets.xcassets in Resources */,
				B4371D3B1FAF5F7000CBEFB5 /* myvideo2.mp4 in Resources */,
				B427CBAA1F9D289D005FAB0C /* Main.storyboard in Resources */,
			);
			runOnlyForDeploymentPostprocessing = 0;
		};
/* End PBXResourcesBuildPhase section */

/* Begin PBXSourcesBuildPhase section */
		B427CB9D1F9D289D005FAB0C /* Sources */ = {
			isa = PBXSourcesBuildPhase;
			buildActionMask = 2147483647;
			files = (
				B427CBA71F9D289D005FAB0C /* ViewController.swift in Sources */,
				B4B546421FA09D3A0077466E /* uARItem.swift in Sources */,
				B427CBD31F9D3E59005FAB0C /* uARView2DController.swift in Sources */,
				B427CBA51F9D289D005FAB0C /* AppDelegate.swift in Sources */,
				B427CBD61F9D3F2C005FAB0C /* uARView2D.swift in Sources */,
				B427CBD21F9D3E59005FAB0C /* uARWorld2D.swift in Sources */,
			);
			runOnlyForDeploymentPostprocessing = 0;
		};
/* End PBXSourcesBuildPhase section */

/* Begin PBXVariantGroup section */
		B427CBA81F9D289D005FAB0C /* Main.storyboard */ = {
			isa = PBXVariantGroup;
			children = (
				B427CBA91F9D289D005FAB0C /* Base */,
			);
			name = Main.storyboard;
			sourceTree = "<group>";
		};
		B427CBAD1F9D289D005FAB0C /* LaunchScreen.storyboard */ = {
			isa = PBXVariantGroup;
			children = (
				B427CBAE1F9D289D005FAB0C /* Base */,
			);
			name = LaunchScreen.storyboard;
			sourceTree = "<group>";
		};
/* End PBXVariantGroup section */

/* Begin XCBuildConfiguration section */
		B427CBB11F9D289D005FAB0C /* Debug */ = {
			isa = XCBuildConfiguration;
			buildSettings = {
				ALWAYS_SEARCH_USER_PATHS = NO;
				CLANG_ANALYZER_NONNULL = YES;
				CLANG_ANALYZER_NUMBER_OBJECT_CONVERSION = YES_AGGRESSIVE;
				CLANG_CXX_LANGUAGE_STANDARD = "gnu++14";
				CLANG_CXX_LIBRARY = "libc++";
				CLANG_ENABLE_MODULES = YES;
				CLANG_ENABLE_OBJC_ARC = YES;
				CLANG_WARN_BLOCK_CAPTURE_AUTORELEASING = YES;
				CLANG_WARN_BOOL_CONVERSION = YES;
				CLANG_WARN_COMMA = YES;
				CLANG_WARN_CONSTANT_CONVERSION = YES;
				CLANG_WARN_DIRECT_OBJC_ISA_USAGE = YES_ERROR;
				CLANG_WARN_DOCUMENTATION_COMMENTS = YES;
				CLANG_WARN_EMPTY_BODY = YES;
				CLANG_WARN_ENUM_CONVERSION = YES;
				CLANG_WARN_INFINITE_RECURSION = YES;
				CLANG_WARN_INT_CONVERSION = YES;
				CLANG_WARN_NON_LITERAL_NULL_CONVERSION = YES;
				CLANG_WARN_OBJC_LITERAL_CONVERSION = YES;
				CLANG_WARN_OBJC_ROOT_CLASS = YES_ERROR;
				CLANG_WARN_RANGE_LOOP_ANALYSIS = YES;
				CLANG_WARN_STRICT_PROTOTYPES = YES;
				CLANG_WARN_SUSPICIOUS_MOVE = YES;
				CLANG_WARN_UNGUARDED_AVAILABILITY = YES_AGGRESSIVE;
				CLANG_WARN_UNREACHABLE_CODE = YES;
				CLANG_WARN__DUPLICATE_METHOD_MATCH = YES;
				CODE_SIGN_IDENTITY = "iPhone Developer";
				COPY_PHASE_STRIP = NO;
				DEBUG_INFORMATION_FORMAT = dwarf;
				ENABLE_STRICT_OBJC_MSGSEND = YES;
				ENABLE_TESTABILITY = YES;
				GCC_C_LANGUAGE_STANDARD = gnu11;
				GCC_DYNAMIC_NO_PIC = NO;
				GCC_NO_COMMON_BLOCKS = YES;
				GCC_OPTIMIZATION_LEVEL = 0;
				GCC_PREPROCESSOR_DEFINITIONS = (
					"DEBUG=1",
					"$(inherited)",
				);
				GCC_WARN_64_TO_32_BIT_CONVERSION = YES;
				GCC_WARN_ABOUT_RETURN_TYPE = YES_ERROR;
				GCC_WARN_UNDECLARED_SELECTOR = YES;
				GCC_WARN_UNINITIALIZED_AUTOS = YES_AGGRESSIVE;
				GCC_WARN_UNUSED_FUNCTION = YES;
				GCC_WARN_UNUSED_VARIABLE = YES;
				IPHONEOS_DEPLOYMENT_TARGET = 11.0;
				MTL_ENABLE_DEBUG_INFO = YES;
				ONLY_ACTIVE_ARCH = YES;
				SDKROOT = iphoneos;
				SWIFT_ACTIVE_COMPILATION_CONDITIONS = DEBUG;
				SWIFT_OPTIMIZATION_LEVEL = "-Onone";
			};
			name = Debug;
		};
		B427CBB21F9D289D005FAB0C /* Release */ = {
			isa = XCBuildConfiguration;
			buildSettings = {
				ALWAYS_SEARCH_USER_PATHS = NO;
				CLANG_ANALYZER_NONNULL = YES;
				CLANG_ANALYZER_NUMBER_OBJECT_CONVERSION = YES_AGGRESSIVE;
				CLANG_CXX_LANGUAGE_STANDARD = "gnu++14";
				CLANG_CXX_LIBRARY = "libc++";
				CLANG_ENABLE_MODULES = YES;
				CLANG_ENABLE_OBJC_ARC = YES;
				CLANG_WARN_BLOCK_CAPTURE_AUTORELEASING = YES;
				CLANG_WARN_BOOL_CONVERSION = YES;
				CLANG_WARN_COMMA = YES;
				CLANG_WARN_CONSTANT_CONVERSION = YES;
				CLANG_WARN_DIRECT_OBJC_ISA_USAGE = YES_ERROR;
				CLANG_WARN_DOCUMENTATION_COMMENTS = YES;
				CLANG_WARN_EMPTY_BODY = YES;
				CLANG_WARN_ENUM_CONVERSION = YES;
				CLANG_WARN_INFINITE_RECURSION = YES;
				CLANG_WARN_INT_CONVERSION = YES;
				CLANG_WARN_NON_LITERAL_NULL_CONVERSION = YES;
				CLANG_WARN_OBJC_LITERAL_CONVERSION = YES;
				CLANG_WARN_OBJC_ROOT_CLASS = YES_ERROR;
				CLANG_WARN_RANGE_LOOP_ANALYSIS = YES;
				CLANG_WARN_STRICT_PROTOTYPES = YES;
				CLANG_WARN_SUSPICIOUS_MOVE = YES;
				CLANG_WARN_UNGUARDED_AVAILABILITY = YES_AGGRESSIVE;
				CLANG_WARN_UNREACHABLE_CODE = YES;
				CLANG_WARN__DUPLICATE_METHOD_MATCH = YES;
				CODE_SIGN_IDENTITY = "iPhone Developer";
				COPY_PHASE_STRIP = NO;
				DEBUG_INFORMATION_FORMAT = "dwarf-with-dsym";
				ENABLE_NS_ASSERTIONS = NO;
				ENABLE_STRICT_OBJC_MSGSEND = YES;
				GCC_C_LANGUAGE_STANDARD = gnu11;
				GCC_NO_COMMON_BLOCKS = YES;
				GCC_WARN_64_TO_32_BIT_CONVERSION = YES;
				GCC_WARN_ABOUT_RETURN_TYPE = YES_ERROR;
				GCC_WARN_UNDECLARED_SELECTOR = YES;
				GCC_WARN_UNINITIALIZED_AUTOS = YES_AGGRESSIVE;
				GCC_WARN_UNUSED_FUNCTION = YES;
				GCC_WARN_UNUSED_VARIABLE = YES;
				IPHONEOS_DEPLOYMENT_TARGET = 11.0;
				MTL_ENABLE_DEBUG_INFO = NO;
				SDKROOT = iphoneos;
				SWIFT_OPTIMIZATION_LEVEL = "-Owholemodule";
				VALIDATE_PRODUCT = YES;
			};
			name = Release;
		};
		B427CBB41F9D289D005FAB0C /* Debug */ = {
			isa = XCBuildConfiguration;
			buildSettings = {
				ASSETCATALOG_COMPILER_APPICON_NAME = AppIcon;
				CODE_SIGN_STYLE = Automatic;
				DEVELOPMENT_TEAM = 5VJD9VE9ZK;
				FRAMEWORK_SEARCH_PATHS = (
					"$(inherited)",
					"$(PROJECT_DIR)",
				);
				INFOPLIST_FILE = "framework-test3/Info.plist";
				LD_RUNPATH_SEARCH_PATHS = "$(inherited) @executable_path/Frameworks";
				PRODUCT_BUNDLE_IDENTIFIER = "net.matalar.framework-test3";
				PRODUCT_NAME = "$(TARGET_NAME)";
				SWIFT_VERSION = 4.0;
				TARGETED_DEVICE_FAMILY = "1,2";
			};
			name = Debug;
		};
		B427CBB51F9D289D005FAB0C /* Release */ = {
			isa = XCBuildConfiguration;
			buildSettings = {
				ASSETCATALOG_COMPILER_APPICON_NAME = AppIcon;
				CODE_SIGN_STYLE = Automatic;
				DEVELOPMENT_TEAM = 5VJD9VE9ZK;
				FRAMEWORK_SEARCH_PATHS = (
					"$(inherited)",
					"$(PROJECT_DIR)",
				);
				INFOPLIST_FILE = "framework-test3/Info.plist";
				LD_RUNPATH_SEARCH_PATHS = "$(inherited) @executable_path/Frameworks";
				PRODUCT_BUNDLE_IDENTIFIER = "net.matalar.framework-test3";
				PRODUCT_NAME = "$(TARGET_NAME)";
				SWIFT_VERSION = 4.0;
				TARGETED_DEVICE_FAMILY = "1,2";
			};
			name = Release;
		};
/* End XCBuildConfiguration section */

/* Begin XCConfigurationList section */
		B427CB9C1F9D289D005FAB0C /* Build configuration list for PBXProject "framework-test3" */ = {
			isa = XCConfigurationList;
			buildConfigurations = (
				B427CBB11F9D289D005FAB0C /* Debug */,
				B427CBB21F9D289D005FAB0C /* Release */,
			);
			defaultConfigurationIsVisible = 0;
			defaultConfigurationName = Release;
		};
		B427CBB31F9D289D005FAB0C /* Build configuration list for PBXNativeTarget "framework-test3" */ = {
			isa = XCConfigurationList;
			buildConfigurations = (
				B427CBB41F9D289D005FAB0C /* Debug */,
				B427CBB51F9D289D005FAB0C /* Release */,
			);
			defaultConfigurationIsVisible = 0;
			defaultConfigurationName = Release;
		};
/* End XCConfigurationList section */
	};
	rootObject = B427CB991F9D289D005FAB0C /* Project object */;
}
